
Microsoft Visual Studio Solution File, Format Version 12.00
# Visual Studio Version 17
VisualStudioVersion = 17.12.35506.116
MinimumVisualStudioVersion = 10.0.40219.1
Project("{2150E333-8FDC-42A3-9474-1A3956D46DE8}") = "src", "src", "{8EABC5E9-B742-4835-8781-564850D46522}"
EndProject
Project("{2150E333-8FDC-42A3-9474-1A3956D46DE8}") = "samples", "samples", "{7294AE0A-9A03-475C-B1F0-910DE2302B78}"
EndProject
Project("{FAE04EC0-301F-11D3-BF4B-00C04F79EFBC}") = "BlobSyncer.Azure.BlobStorage", "src\BlobSyncer.Azure.BlobStorage\BlobSyncer.Azure.BlobStorage.csproj", "{CD5E5352-5256-4A4E-9FFF-E1CAC9285A38}"
EndProject
Project("{FAE04EC0-301F-11D3-BF4B-00C04F79EFBC}") = "AzureBlobDownloader", "samples\AzureBlobDownloader\AzureBlobDownloader.csproj", "{41F4E8CF-9B2A-41AD-8DD6-7A211DB030E4}"
EndProject
Project("{FAE04EC0-301F-11D3-BF4B-00C04F79EFBC}") = "CommandLine.ArgumentsParser", "src\CommandLine.ArgumentsParser\CommandLine.ArgumentsParser.csproj", "{B3DBD2E8-82DE-49E8-A1E1-587649576288}"
EndProject
Project("{2150E333-8FDC-42A3-9474-1A3956D46DE8}") = "Solution Items", "Solution Items", "{CABA6B59-DFB6-46D6-A9F5-7B7FF4057E4E}"
	ProjectSection(SolutionItems) = preProject
		.github\workflows\dotnet-build.yml = .github\workflows\dotnet-build.yml
		.github\workflows\dotnet-nuget.yml = .github\workflows\dotnet-nuget.yml
		README.md = README.md
	EndProjectSection
EndProject
Global
	GlobalSection(SolutionConfigurationPlatforms) = preSolution
		Debug|Any CPU = Debug|Any CPU
		Release|Any CPU = Release|Any CPU
	EndGlobalSection
	GlobalSection(ProjectConfigurationPlatforms) = postSolution
		{CD5E5352-5256-4A4E-9FFF-E1CAC9285A38}.Debug|Any CPU.ActiveCfg = Debug|Any CPU
		{CD5E5352-5256-4A4E-9FFF-E1CAC9285A38}.Debug|Any CPU.Build.0 = Debug|Any CPU
		{CD5E5352-5256-4A4E-9FFF-E1CAC9285A38}.Release|Any CPU.ActiveCfg = Release|Any CPU
		{CD5E5352-5256-4A4E-9FFF-E1CAC9285A38}.Release|Any CPU.Build.0 = Release|Any CPU
		{41F4E8CF-9B2A-41AD-8DD6-7A211DB030E4}.Debug|Any CPU.ActiveCfg = Debug|Any CPU
		{41F4E8CF-9B2A-41AD-8DD6-7A211DB030E4}.Debug|Any CPU.Build.0 = Debug|Any CPU
		{41F4E8CF-9B2A-41AD-8DD6-7A211DB030E4}.Release|Any CPU.ActiveCfg = Release|Any CPU
		{41F4E8CF-9B2A-41AD-8DD6-7A211DB030E4}.Release|Any CPU.Build.0 = Release|Any CPU
		{B3DBD2E8-82DE-49E8-A1E1-587649576288}.Debug|Any CPU.ActiveCfg = Debug|Any CPU
		{B3DBD2E8-82DE-49E8-A1E1-587649576288}.Debug|Any CPU.Build.0 = Debug|Any CPU
		{B3DBD2E8-82DE-49E8-A1E1-587649576288}.Release|Any CPU.ActiveCfg = Release|Any CPU
		{B3DBD2E8-82DE-49E8-A1E1-587649576288}.Release|Any CPU.Build.0 = Release|Any CPU
	EndGlobalSection
	GlobalSection(SolutionProperties) = preSolution
		HideSolutionNode = FALSE
	EndGlobalSection
	GlobalSection(NestedProjects) = preSolution
		{CD5E5352-5256-4A4E-9FFF-E1CAC9285A38} = {8EABC5E9-B742-4835-8781-564850D46522}
		{41F4E8CF-9B2A-41AD-8DD6-7A211DB030E4} = {7294AE0A-9A03-475C-B1F0-910DE2302B78}
		{B3DBD2E8-82DE-49E8-A1E1-587649576288} = {8EABC5E9-B742-4835-8781-564850D46522}
	EndGlobalSection
EndGlobal
